
Microsoft Visual Studio Solution File, Format Version 12.00
# Visual Studio Version 16
VisualStudioVersion = 16.0.30621.155
MinimumVisualStudioVersion = 10.0.40219.1
Project("{FAE04EC0-301F-11D3-BF4B-00C04F79EFBC}") = "ShoppingCart", "ShoppingCart\ShoppingCart.csproj", "{FCAFFA52-1967-417E-B33C-C81849B59C92}"
EndProject
Global
	GlobalSection(SolutionConfigurationPlatforms) = preSolution
		Debug|Any CPU = Debug|Any CPU
		Release|Any CPU = Release|Any CPU
	EndGlobalSection
	GlobalSection(ProjectConfigurationPlatforms) = postSolution
		{FCAFFA52-1967-417E-B33C-C81849B59C92}.Debug|Any CPU.ActiveCfg = Debug|Any CPU
		{FCAFFA52-1967-417E-B33C-C81849B59C92}.Debug|Any CPU.Build.0 = Debug|Any CPU
		{FCAFFA52-1967-417E-B33C-C81849B59C92}.Release|Any CPU.ActiveCfg = Release|Any CPU
		{FCAFFA52-1967-417E-B33C-C81849B59C92}.Release|Any CPU.Build.0 = Release|Any CPU
	EndGlobalSection
	GlobalSection(SolutionProperties) = preSolution
		HideSolutionNode = FALSE
	EndGlobalSection
	GlobalSection(ExtensibilityGlobals) = postSolution
		SolutionGuid = {F54217EB-C111-4541-A0AF-DD722786ECF0}
	EndGlobalSection
EndGlobal
